
Microsoft Visual Studio Solution File, Format Version 12.00
Project("{FAE04EC0-301F-11D3-BF4B-00C04F79EFBC}") = "IPK_Project1", "IPK_Project1.csproj", "{BC71C3E4-4124-4320-88C5-3777E09A6274}"
EndProject
Global
	GlobalSection(SolutionConfigurationPlatforms) = preSolution
		Debug|Any CPU = Debug|Any CPU
		Release|Any CPU = Release|Any CPU
	EndGlobalSection
	GlobalSection(ProjectConfigurationPlatforms) = postSolution
		{BC71C3E4-4124-4320-88C5-3777E09A6274}.Debug|Any CPU.ActiveCfg = Debug|Any CPU
		{BC71C3E4-4124-4320-88C5-3777E09A6274}.Debug|Any CPU.Build.0 = Debug|Any CPU
		{BC71C3E4-4124-4320-88C5-3777E09A6274}.Release|Any CPU.ActiveCfg = Release|Any CPU
		{BC71C3E4-4124-4320-88C5-3777E09A6274}.Release|Any CPU.Build.0 = Release|Any CPU
	EndGlobalSection
EndGlobal
